
Microsoft Visual Studio Solution File, Format Version 12.00
# Visual Studio Version 16
VisualStudioVersion = 16.0.32407.337
MinimumVisualStudioVersion = 10.0.40219.1
Project("{FAE04EC0-301F-11D3-BF4B-00C04F79EFBC}") = "AmiralBatti", "AmiralBatti\AmiralBatti.csproj", "{5E875F41-304A-47C1-B035-4DAB2B9D80CE}"
EndProject
Global
	GlobalSection(SolutionConfigurationPlatforms) = preSolution
		Debug|Any CPU = Debug|Any CPU
		Release|Any CPU = Release|Any CPU
	EndGlobalSection
	GlobalSection(ProjectConfigurationPlatforms) = postSolution
		{5E875F41-304A-47C1-B035-4DAB2B9D80CE}.Debug|Any CPU.ActiveCfg = Debug|Any CPU
		{5E875F41-304A-47C1-B035-4DAB2B9D80CE}.Debug|Any CPU.Build.0 = Debug|Any CPU
		{5E875F41-304A-47C1-B035-4DAB2B9D80CE}.Release|Any CPU.ActiveCfg = Release|Any CPU
		{5E875F41-304A-47C1-B035-4DAB2B9D80CE}.Release|Any CPU.Build.0 = Release|Any CPU
	EndGlobalSection
	GlobalSection(SolutionProperties) = preSolution
		HideSolutionNode = FALSE
	EndGlobalSection
	GlobalSection(ExtensibilityGlobals) = postSolution
		SolutionGuid = {3AB88126-9FF3-4015-A927-FB4F648C0CD6}
	EndGlobalSection
EndGlobal
